// !$*UTF8*$!
{
	archiveVersion = 1;
	classes = {
	};
	objectVersion = 77;
	objects = {

/* Begin PBXBuildFile section */
		02CE32F3270E06E40C8E9CFB /* BoardAppStoreInteractionSocketSelectionTests.swift in Sources */ = {isa = PBXBuildFile; fileRef = C0777B6E4CBBE761E3ED461D /* BoardAppStoreInteractionSocketSelectionTests.swift */; };
		03C5C65C2942E0BA6EA4B6B0 /* EntryRowView.swift in Sources */ = {isa = PBXBuildFile; fileRef = F1727678AD41624C70F4EC0D /* EntryRowView.swift */; };
		04F1731B74733524A3DFAA8F /* BoardAppStore.swift in Sources */ = {isa = PBXBuildFile; fileRef = A4E337D74EC9D7D5CB0B7AE9 /* BoardAppStore.swift */; };
		05957A8E6DA940547A3D4BD5 /* AppObservationViewController.swift in Sources */ = {isa = PBXBuildFile; fileRef = 39FBDC70C27EB40C34FD8667 /* AppObservationViewController.swift */; };
		0A556ACA98E918E574B0A916 /* BackendProvider.swift in Sources */ = {isa = PBXBuildFile; fileRef = B78506F81EA78CA4F33700D9 /* BackendProvider.swift */; };
		0AADD896613E495FA7E6C28A /* AppearanceModeTests.swift in Sources */ = {isa = PBXBuildFile; fileRef = BF5A56514C5DF9AC2DD7F714 /* AppearanceModeTests.swift */; };
		10199606D81AD96901160080 /* AppPaletteTests.swift in Sources */ = {isa = PBXBuildFile; fileRef = C55EDAA078756C6C4C217448 /* AppPaletteTests.swift */; };
		18A24BE7887E0D1125386F66 /* AppIconLayer.swift in Sources */ = {isa = PBXBuildFile; fileRef = 7D79ECC0715CB0F50DD237B0 /* AppIconLayer.swift */; };
		18AA55B7A71CC900C8115EBE /* PromptViewController.swift in Sources */ = {isa = PBXBuildFile; fileRef = FB0C931876FDE08D97A601FA /* PromptViewController.swift */; };
		29E307D4287633A072589C32 /* EventStreamViewController.swift in Sources */ = {isa = PBXBuildFile; fileRef = BE1EFD66A23F2CE2EC41A828 /* EventStreamViewController.swift */; };
		29E6083BA2C7715ED9CFB950 /* InteractionSocket.swift in Sources */ = {isa = PBXBuildFile; fileRef = 41AFBD085D2644CD7B45FA00 /* InteractionSocket.swift */; };
		319CC8A114819253AAE1E731 /* SettingsWindowController.swift in Sources */ = {isa = PBXBuildFile; fileRef = D8F035A757E471B50AB22A6A /* SettingsWindowController.swift */; };
		32DF873C60C7E13836F37F52 /* InteractionResponse.swift in Sources */ = {isa = PBXBuildFile; fileRef = 48EAB1A18749A1C2DB9A1076 /* InteractionResponse.swift */; };
		376516D7A90C4F6C566BE33C /* PendingInteractionsStoreTests.swift in Sources */ = {isa = PBXBuildFile; fileRef = 8A2C3DE4FCC5175FDF63B126 /* PendingInteractionsStoreTests.swift */; };
		37B6655E2F2FC7FC8E90E71F /* ObservationSelectionPlanTests.swift in Sources */ = {isa = PBXBuildFile; fileRef = EC414423444BD7652FF38182 /* ObservationSelectionPlanTests.swift */; };
		384267A24970D5170187931D /* AppDelegate.swift in Sources */ = {isa = PBXBuildFile; fileRef = 93CE9A83EE55E136A4412B88 /* AppDelegate.swift */; };
		40FC536CCDB9FC4BCE6BDFF7 /* APIClient+Apps.swift in Sources */ = {isa = PBXBuildFile; fileRef = FE4DD6420A016AC0B8AB6D0E /* APIClient+Apps.swift */; };
		43620B74F9CE5A811EFA8F54 /* DotLatticeRenderer.swift in Sources */ = {isa = PBXBuildFile; fileRef = 0210C107A49B07BB12386701 /* DotLatticeRenderer.swift */; };
		4587EB7287FE3C0145B5A67B /* SurfaceDriveControllerTests.swift in Sources */ = {isa = PBXBuildFile; fileRef = 0AB7104282E0F9FC11031025 /* SurfaceDriveControllerTests.swift */; };
		4A2E832C6A3A37F8287BC57C /* SidebarViewController.swift in Sources */ = {isa = PBXBuildFile; fileRef = 92681524D62669D469FF35B6 /* SidebarViewController.swift */; };
		4FB832E1DFF385EF65909686 /* BoardSocket.swift in Sources */ = {isa = PBXBuildFile; fileRef = F00DE865008B82D1FFC40D3B /* BoardSocket.swift */; };
		506F8464DF83292280E680D5 /* AppPalette.swift in Sources */ = {isa = PBXBuildFile; fileRef = B250A2DCDDDE9A64F4A79CF5 /* AppPalette.swift */; };
		51436E9D76496AC391670BE8 /* ObservationPanelViewController.swift in Sources */ = {isa = PBXBuildFile; fileRef = FC43A6C19F726FC1BB937499 /* ObservationPanelViewController.swift */; };
		52DEC3A6C61BF99EDC1EE005 /* SettingsViewController.swift in Sources */ = {isa = PBXBuildFile; fileRef = E475850BD6C0C8D03E54CF33 /* SettingsViewController.swift */; };
		55D7EA907C5D0D0EEDE02C34 /* AppModelTests.swift in Sources */ = {isa = PBXBuildFile; fileRef = 144E051B1C0BCB1EDFFC0CF5 /* AppModelTests.swift */; };
		59D9BA22258E50FA35CA9E78 /* ObservationColumnLayoutTests.swift in Sources */ = {isa = PBXBuildFile; fileRef = 98E82904594EC0B941DEE091 /* ObservationColumnLayoutTests.swift */; };
		62781BCCAB53B40B2C16EA22 /* Surface.swift in Sources */ = {isa = PBXBuildFile; fileRef = 3C9B3FB99070C7A953FE9F30 /* Surface.swift */; };
		6399833FB0A1FB880A80BCE5 /* DotLatticeRendererTests.swift in Sources */ = {isa = PBXBuildFile; fileRef = FE31711DEC2839FD6E802097 /* DotLatticeRendererTests.swift */; };
		66E1A2F50EF4196207DC19F8 /* AgentInteractionTests.swift in Sources */ = {isa = PBXBuildFile; fileRef = 32C71190A24F036127BECA55 /* AgentInteractionTests.swift */; };
		670361E4BF0DD2EF81FB760B /* PromptKind.swift in Sources */ = {isa = PBXBuildFile; fileRef = 584AAE08EE25628268737CB5 /* PromptKind.swift */; };
		6B10C36D4CF165F04B3F6EEA /* AppSocket.swift in Sources */ = {isa = PBXBuildFile; fileRef = BF69C9564DC2D7EEDE678EE4 /* AppSocket.swift */; };
		6C762A791196CDAA754A8F16 /* SurfaceObservationReporter.swift in Sources */ = {isa = PBXBuildFile; fileRef = A236C375D15CEA5B75711080 /* SurfaceObservationReporter.swift */; };
		73187BE1C874226A3ABA2734 /* EntryDetailViewController.swift in Sources */ = {isa = PBXBuildFile; fileRef = A88837041D398CF945A6192A /* EntryDetailViewController.swift */; };
		738E81FBCB93475BA9A880BA /* BoardGeometry.swift in Sources */ = {isa = PBXBuildFile; fileRef = FF6E6244D50CA66E5CCBFF26 /* BoardGeometry.swift */; };
		781966A2148F6541C58548E8 /* Message.swift in Sources */ = {isa = PBXBuildFile; fileRef = F42408D6E74E02E19CF0966C /* Message.swift */; };
		785EB4A8EFEB15B176E7E9AE /* InteractionContentViewControllers.swift in Sources */ = {isa = PBXBuildFile; fileRef = 3A839E45D21DA90B245C64D6 /* InteractionContentViewControllers.swift */; };
		8BFEDEB4ECBFD2341C10FFC1 /* MainSplitViewController.swift in Sources */ = {isa = PBXBuildFile; fileRef = 7ADCD81BF6C626762993A50A /* MainSplitViewController.swift */; };
		8FDEEFC232CD6BD4C69B8155 /* AppSocketRegistry.swift in Sources */ = {isa = PBXBuildFile; fileRef = 4A6342E67911EA0D896E5163 /* AppSocketRegistry.swift */; };
		97F643A58863CD6DBC0B549B /* SidebarItem.swift in Sources */ = {isa = PBXBuildFile; fileRef = FFA3279D59DA1816D6B57A34 /* SidebarItem.swift */; };
		9B09D376A7A45FAC97E6CACA /* LoginItemManager.swift in Sources */ = {isa = PBXBuildFile; fileRef = 233C36ADDB7A784C3472B52A /* LoginItemManager.swift */; };
		9B45B792C1CED9DC15A11EAC /* APIClient.swift in Sources */ = {isa = PBXBuildFile; fileRef = 066E01291BAF81CE00F93AF1 /* APIClient.swift */; };
		9B8BED583536D4A18067E7A7 /* BoardView.swift in Sources */ = {isa = PBXBuildFile; fileRef = E7EF2967E4B365CF852E3DF3 /* BoardView.swift */; };
		9DA0103A21544B36C70947D6 /* BinaryLocator.swift in Sources */ = {isa = PBXBuildFile; fileRef = 8DC7A0AAA58E5949DB469DD3 /* BinaryLocator.swift */; };
		9F5E67D26B3FD112F89BCBD3 /* SurfaceDriveController.swift in Sources */ = {isa = PBXBuildFile; fileRef = 00963F949996133A434766FC /* SurfaceDriveController.swift */; };
		A13D0052F047BA5D4E4936DF /* BoardEventTests.swift in Sources */ = {isa = PBXBuildFile; fileRef = A355F86747A5E6CC01F794C7 /* BoardEventTests.swift */; };
		A1E788B84BDB05B511813843 /* SymbolImageTests.swift in Sources */ = {isa = PBXBuildFile; fileRef = 9366D0EF35C286AACB6CCF04 /* SymbolImageTests.swift */; };
		ACE6AE7E1FC9682BF5EC16B6 /* PendingInteractionsStore.swift in Sources */ = {isa = PBXBuildFile; fileRef = 921365405106583BC2F94359 /* PendingInteractionsStore.swift */; };
		B2D88FECD5532A56D0381646 /* MainWindowController.swift in Sources */ = {isa = PBXBuildFile; fileRef = DE2526B8F30010077BF8B099 /* MainWindowController.swift */; };
		B3C0D86AA6BEF2D5455CD5F6 /* PendingInteractionsController.swift in Sources */ = {isa = PBXBuildFile; fileRef = AAF2B60325ACE56B8A7E422B /* PendingInteractionsController.swift */; };
		B4DC432399F654D409CB4A93 /* AppearanceMode.swift in Sources */ = {isa = PBXBuildFile; fileRef = D8D6C4814B54EA20D8A1A47C /* AppearanceMode.swift */; };
		B7F2244B8F673DE71808B6B7 /* BuildTypeTests.swift in Sources */ = {isa = PBXBuildFile; fileRef = A08D36EECACAB5D58224AB84 /* BuildTypeTests.swift */; };
		C03E403991B5D63C31CF2376 /* BoardEvent.swift in Sources */ = {isa = PBXBuildFile; fileRef = A64FBD1AAAB2D2CD0B54247F /* BoardEvent.swift */; };
		CA2E41837CC82B46B5A825C1 /* CreateAppControllerTests.swift in Sources */ = {isa = PBXBuildFile; fileRef = 002B1E05F4AF4CBD3D5B7A18 /* CreateAppControllerTests.swift */; };
		CCD680102BF5689481A14C80 /* WhiteboardViewController.swift in Sources */ = {isa = PBXBuildFile; fileRef = 005EDD664060D94AB3B64F35 /* WhiteboardViewController.swift */; };
		CDBD3624C59E9CBE06CCB9FD /* BuildType.swift in Sources */ = {isa = PBXBuildFile; fileRef = F3D3B9BAF69B12E50FC42E9E /* BuildType.swift */; };
		CEB0F9E4A7A8D39BDAFCD07C /* BoardAppStoreTests.swift in Sources */ = {isa = PBXBuildFile; fileRef = E69F9C6A957008B33A86C457 /* BoardAppStoreTests.swift */; };
		D90ED0A32664D71D58BEFEF1 /* CreateAppController.swift in Sources */ = {isa = PBXBuildFile; fileRef = 7FA9B89FF62BA3AEAA497959 /* CreateAppController.swift */; };
		D9751A8936BE6DAE8C69DE2C /* SurfaceSocket.swift in Sources */ = {isa = PBXBuildFile; fileRef = 2D9CCACDFAB995F30291EE38 /* SurfaceSocket.swift */; };
		D9E015F90509FFB6A690EE11 /* AppSocketRegistryTests.swift in Sources */ = {isa = PBXBuildFile; fileRef = 2037B6EDC360F841D1E25190 /* AppSocketRegistryTests.swift */; };
		DA2644BF6945D79C0A486DA2 /* Entry.swift in Sources */ = {isa = PBXBuildFile; fileRef = 18CA102FA96D3C6D277E2680 /* Entry.swift */; };
		DB484900F7A96BF65D670FA6 /* ToolCall.swift in Sources */ = {isa = PBXBuildFile; fileRef = 3C3233B15B96791DA42AD9A3 /* ToolCall.swift */; };
		E120EE1E7DDF1679B64E7FFB /* TrajectoryEvent.swift in Sources */ = {isa = PBXBuildFile; fileRef = 30B93FA4F18EECFBC3BEC906 /* TrajectoryEvent.swift */; };
		E29B279CF113A8F889CC0FC6 /* SymbolImage.swift in Sources */ = {isa = PBXBuildFile; fileRef = 774AFD94DA74CE22193D92D6 /* SymbolImage.swift */; };
		E572C5C4C71719DE2BBAD63A /* BoardGeometryInsetTests.swift in Sources */ = {isa = PBXBuildFile; fileRef = 467324B14697724D7FA728C5 /* BoardGeometryInsetTests.swift */; };
		E57B06C4A16A28CB2F84F088 /* ConversationViewController.swift in Sources */ = {isa = PBXBuildFile; fileRef = 579740676D6B89448772B570 /* ConversationViewController.swift */; };
		E7B9021D91870CA6EF217FAB /* InteractionPopoverController.swift in Sources */ = {isa = PBXBuildFile; fileRef = 16468416F3EA49C533AC3B87 /* InteractionPopoverController.swift */; };
		E8B0BA13C6DCFBB96DFE14AB /* InteractionContentViewControllerTests.swift in Sources */ = {isa = PBXBuildFile; fileRef = F489850DD7DCA861F1BEA3CE /* InteractionContentViewControllerTests.swift */; };
		E912E27CB9CE8D8E085A0292 /* WebSocketClient.swift in Sources */ = {isa = PBXBuildFile; fileRef = 1F16959DADC870C98D2FE05F /* WebSocketClient.swift */; };
		F1993C959EC0F8B28C0FF0FD /* SurfaceSerdeParityTests.swift in Sources */ = {isa = PBXBuildFile; fileRef = 38158F1CA77715EEF08ED1D8 /* SurfaceSerdeParityTests.swift */; };
		F26F939C824A3F9D73B7E93F /* StatusBarController.swift in Sources */ = {isa = PBXBuildFile; fileRef = 5793D3C688E0C72C87E24E24 /* StatusBarController.swift */; };
		F945FA31C6A3AF5517578DF5 /* SurfaceObservationTests.swift in Sources */ = {isa = PBXBuildFile; fileRef = 4A2422F7EE92BFB634F250FD /* SurfaceObservationTests.swift */; };
		FB6717E063E4703BDD6D6840 /* App.swift in Sources */ = {isa = PBXBuildFile; fileRef = EABDB3E694F798F13078EA3A /* App.swift */; };
		FB694BB370F17917D376DE74 /* SurfaceOp.swift in Sources */ = {isa = PBXBuildFile; fileRef = 2A1E6CAFB43B510BB658737B /* SurfaceOp.swift */; };
		FD2F1C465F3C21615606F803 /* AgentInteraction.swift in Sources */ = {isa = PBXBuildFile; fileRef = F380161DEB9FEEAC3D41D380 /* AgentInteraction.swift */; };
		FD3C2534C7FEAC64DAF80901 /* BoardGeometryTests.swift in Sources */ = {isa = PBXBuildFile; fileRef = 35B5469E130139DD9C8620A7 /* BoardGeometryTests.swift */; };
/* End PBXBuildFile section */

/* Begin PBXContainerItemProxy section */
		089AE36CDC998A91A58AA2C6 /* PBXContainerItemProxy */ = {
			isa = PBXContainerItemProxy;
			containerPortal = F46D6767B1F5A226F559C406 /* Project object */;
			proxyType = 1;
			remoteGlobalIDString = 65B1EA1D4E456372AEEB89AC;
			remoteInfo = Rubberdux;
		};
/* End PBXContainerItemProxy section */

/* Begin PBXFileReference section */
		002B1E05F4AF4CBD3D5B7A18 /* CreateAppControllerTests.swift */ = {isa = PBXFileReference; lastKnownFileType = sourcecode.swift; path = CreateAppControllerTests.swift; sourceTree = "<group>"; };
		005EDD664060D94AB3B64F35 /* WhiteboardViewController.swift */ = {isa = PBXFileReference; lastKnownFileType = sourcecode.swift; path = WhiteboardViewController.swift; sourceTree = "<group>"; };
		00963F949996133A434766FC /* SurfaceDriveController.swift */ = {isa = PBXFileReference; lastKnownFileType = sourcecode.swift; path = SurfaceDriveController.swift; sourceTree = "<group>"; };
		0210C107A49B07BB12386701 /* DotLatticeRenderer.swift */ = {isa = PBXFileReference; lastKnownFileType = sourcecode.swift; path = DotLatticeRenderer.swift; sourceTree = "<group>"; };
		066E01291BAF81CE00F93AF1 /* APIClient.swift */ = {isa = PBXFileReference; lastKnownFileType = sourcecode.swift; path = APIClient.swift; sourceTree = "<group>"; };
		0AB7104282E0F9FC11031025 /* SurfaceDriveControllerTests.swift */ = {isa = PBXFileReference; lastKnownFileType = sourcecode.swift; path = SurfaceDriveControllerTests.swift; sourceTree = "<group>"; };
		144E051B1C0BCB1EDFFC0CF5 /* AppModelTests.swift */ = {isa = PBXFileReference; lastKnownFileType = sourcecode.swift; path = AppModelTests.swift; sourceTree = "<group>"; };
		16468416F3EA49C533AC3B87 /* InteractionPopoverController.swift */ = {isa = PBXFileReference; lastKnownFileType = sourcecode.swift; path = InteractionPopoverController.swift; sourceTree = "<group>"; };
		18CA102FA96D3C6D277E2680 /* Entry.swift */ = {isa = PBXFileReference; lastKnownFileType = sourcecode.swift; path = Entry.swift; sourceTree = "<group>"; };
		1C3AAC6E09CC4B19228ABAD8 /* Release.xcconfig */ = {isa = PBXFileReference; lastKnownFileType = text.xcconfig; path = Release.xcconfig; sourceTree = "<group>"; };
		1F16959DADC870C98D2FE05F /* WebSocketClient.swift */ = {isa = PBXFileReference; lastKnownFileType = sourcecode.swift; path = WebSocketClient.swift; sourceTree = "<group>"; };
		2037B6EDC360F841D1E25190 /* AppSocketRegistryTests.swift */ = {isa = PBXFileReference; lastKnownFileType = sourcecode.swift; path = AppSocketRegistryTests.swift; sourceTree = "<group>"; };
		233C36ADDB7A784C3472B52A /* LoginItemManager.swift */ = {isa = PBXFileReference; lastKnownFileType = sourcecode.swift; path = LoginItemManager.swift; sourceTree = "<group>"; };
		28E27A6F0B291FCD1A23223E /* .gitkeep */ = {isa = PBXFileReference; path = .gitkeep; sourceTree = "<group>"; };
		2A1E6CAFB43B510BB658737B /* SurfaceOp.swift */ = {isa = PBXFileReference; lastKnownFileType = sourcecode.swift; path = SurfaceOp.swift; sourceTree = "<group>"; };
		2D9CCACDFAB995F30291EE38 /* SurfaceSocket.swift */ = {isa = PBXFileReference; lastKnownFileType = sourcecode.swift; path = SurfaceSocket.swift; sourceTree = "<group>"; };
		30B93FA4F18EECFBC3BEC906 /* TrajectoryEvent.swift */ = {isa = PBXFileReference; lastKnownFileType = sourcecode.swift; path = TrajectoryEvent.swift; sourceTree = "<group>"; };
		32C71190A24F036127BECA55 /* AgentInteractionTests.swift */ = {isa = PBXFileReference; lastKnownFileType = sourcecode.swift; path = AgentInteractionTests.swift; sourceTree = "<group>"; };
		35B5469E130139DD9C8620A7 /* BoardGeometryTests.swift */ = {isa = PBXFileReference; lastKnownFileType = sourcecode.swift; path = BoardGeometryTests.swift; sourceTree = "<group>"; };
		38158F1CA77715EEF08ED1D8 /* SurfaceSerdeParityTests.swift */ = {isa = PBXFileReference; lastKnownFileType = sourcecode.swift; path = SurfaceSerdeParityTests.swift; sourceTree = "<group>"; };
		39FBDC70C27EB40C34FD8667 /* AppObservationViewController.swift */ = {isa = PBXFileReference; lastKnownFileType = sourcecode.swift; path = AppObservationViewController.swift; sourceTree = "<group>"; };
		3A839E45D21DA90B245C64D6 /* InteractionContentViewControllers.swift */ = {isa = PBXFileReference; lastKnownFileType = sourcecode.swift; path = InteractionContentViewControllers.swift; sourceTree = "<group>"; };
		3C3233B15B96791DA42AD9A3 /* ToolCall.swift */ = {isa = PBXFileReference; lastKnownFileType = sourcecode.swift; path = ToolCall.swift; sourceTree = "<group>"; };
		3C9B3FB99070C7A953FE9F30 /* Surface.swift */ = {isa = PBXFileReference; lastKnownFileType = sourcecode.swift; path = Surface.swift; sourceTree = "<group>"; };
		41AFBD085D2644CD7B45FA00 /* InteractionSocket.swift */ = {isa = PBXFileReference; lastKnownFileType = sourcecode.swift; path = InteractionSocket.swift; sourceTree = "<group>"; };
		467324B14697724D7FA728C5 /* BoardGeometryInsetTests.swift */ = {isa = PBXFileReference; lastKnownFileType = sourcecode.swift; path = BoardGeometryInsetTests.swift; sourceTree = "<group>"; };
		48EAB1A18749A1C2DB9A1076 /* InteractionResponse.swift */ = {isa = PBXFileReference; lastKnownFileType = sourcecode.swift; path = InteractionResponse.swift; sourceTree = "<group>"; };
		4931535F707FE2DB729B0C83 /* .gitkeep */ = {isa = PBXFileReference; path = .gitkeep; sourceTree = "<group>"; };
		4A2422F7EE92BFB634F250FD /* SurfaceObservationTests.swift */ = {isa = PBXFileReference; lastKnownFileType = sourcecode.swift; path = SurfaceObservationTests.swift; sourceTree = "<group>"; };
		4A6342E67911EA0D896E5163 /* AppSocketRegistry.swift */ = {isa = PBXFileReference; lastKnownFileType = sourcecode.swift; path = AppSocketRegistry.swift; sourceTree = "<group>"; };
		5793D3C688E0C72C87E24E24 /* StatusBarController.swift */ = {isa = PBXFileReference; lastKnownFileType = sourcecode.swift; path = StatusBarController.swift; sourceTree = "<group>"; };
		579740676D6B89448772B570 /* ConversationViewController.swift */ = {isa = PBXFileReference; lastKnownFileType = sourcecode.swift; path = ConversationViewController.swift; sourceTree = "<group>"; };
		584AAE08EE25628268737CB5 /* PromptKind.swift */ = {isa = PBXFileReference; lastKnownFileType = sourcecode.swift; path = PromptKind.swift; sourceTree = "<group>"; };
		774AFD94DA74CE22193D92D6 /* SymbolImage.swift */ = {isa = PBXFileReference; lastKnownFileType = sourcecode.swift; path = SymbolImage.swift; sourceTree = "<group>"; };
		7ADCD81BF6C626762993A50A /* MainSplitViewController.swift */ = {isa = PBXFileReference; lastKnownFileType = sourcecode.swift; path = MainSplitViewController.swift; sourceTree = "<group>"; };
		7B1DDC213AFA26B00C4010A9 /* Rubberdux.app */ = {isa = PBXFileReference; explicitFileType = wrapper.application; includeInIndex = 0; path = Rubberdux.app; sourceTree = BUILT_PRODUCTS_DIR; };
		7D79ECC0715CB0F50DD237B0 /* AppIconLayer.swift */ = {isa = PBXFileReference; lastKnownFileType = sourcecode.swift; path = AppIconLayer.swift; sourceTree = "<group>"; };
		7FA9B89FF62BA3AEAA497959 /* CreateAppController.swift */ = {isa = PBXFileReference; lastKnownFileType = sourcecode.swift; path = CreateAppController.swift; sourceTree = "<group>"; };
		81AEF085B55ADCB39BF1CC27 /* Distribute.xcconfig */ = {isa = PBXFileReference; lastKnownFileType = text.xcconfig; path = Distribute.xcconfig; sourceTree = "<group>"; };
		820F327E80F33842336A2D6A /* RubberduxTests.xctest */ = {isa = PBXFileReference; explicitFileType = wrapper.cfbundle; includeInIndex = 0; path = RubberduxTests.xctest; sourceTree = BUILT_PRODUCTS_DIR; };
		8A2C3DE4FCC5175FDF63B126 /* PendingInteractionsStoreTests.swift */ = {isa = PBXFileReference; lastKnownFileType = sourcecode.swift; path = PendingInteractionsStoreTests.swift; sourceTree = "<group>"; };
		8DC7A0AAA58E5949DB469DD3 /* BinaryLocator.swift */ = {isa = PBXFileReference; lastKnownFileType = sourcecode.swift; path = BinaryLocator.swift; sourceTree = "<group>"; };
		921365405106583BC2F94359 /* PendingInteractionsStore.swift */ = {isa = PBXFileReference; lastKnownFileType = sourcecode.swift; path = PendingInteractionsStore.swift; sourceTree = "<group>"; };
		92681524D62669D469FF35B6 /* SidebarViewController.swift */ = {isa = PBXFileReference; lastKnownFileType = sourcecode.swift; path = SidebarViewController.swift; sourceTree = "<group>"; };
		9366D0EF35C286AACB6CCF04 /* SymbolImageTests.swift */ = {isa = PBXFileReference; lastKnownFileType = sourcecode.swift; path = SymbolImageTests.swift; sourceTree = "<group>"; };
		93CE9A83EE55E136A4412B88 /* AppDelegate.swift */ = {isa = PBXFileReference; lastKnownFileType = sourcecode.swift; path = AppDelegate.swift; sourceTree = "<group>"; };
		98E82904594EC0B941DEE091 /* ObservationColumnLayoutTests.swift */ = {isa = PBXFileReference; lastKnownFileType = sourcecode.swift; path = ObservationColumnLayoutTests.swift; sourceTree = "<group>"; };
		A08D36EECACAB5D58224AB84 /* BuildTypeTests.swift */ = {isa = PBXFileReference; lastKnownFileType = sourcecode.swift; path = BuildTypeTests.swift; sourceTree = "<group>"; };
		A1501B69109F7144E391AD9C /* Debug.xcconfig */ = {isa = PBXFileReference; lastKnownFileType = text.xcconfig; path = Debug.xcconfig; sourceTree = "<group>"; };
		A236C375D15CEA5B75711080 /* SurfaceObservationReporter.swift */ = {isa = PBXFileReference; lastKnownFileType = sourcecode.swift; path = SurfaceObservationReporter.swift; sourceTree = "<group>"; };
		A355F86747A5E6CC01F794C7 /* BoardEventTests.swift */ = {isa = PBXFileReference; lastKnownFileType = sourcecode.swift; path = BoardEventTests.swift; sourceTree = "<group>"; };
		A4E337D74EC9D7D5CB0B7AE9 /* BoardAppStore.swift */ = {isa = PBXFileReference; lastKnownFileType = sourcecode.swift; path = BoardAppStore.swift; sourceTree = "<group>"; };
		A64FBD1AAAB2D2CD0B54247F /* BoardEvent.swift */ = {isa = PBXFileReference; lastKnownFileType = sourcecode.swift; path = BoardEvent.swift; sourceTree = "<group>"; };
		A88837041D398CF945A6192A /* EntryDetailViewController.swift */ = {isa = PBXFileReference; lastKnownFileType = sourcecode.swift; path = EntryDetailViewController.swift; sourceTree = "<group>"; };
		AACB5596AA7840E92E1D63B8 /* Rubberdux.entitlements */ = {isa = PBXFileReference; lastKnownFileType = text.plist.entitlements; path = Rubberdux.entitlements; sourceTree = "<group>"; };
		AAF2B60325ACE56B8A7E422B /* PendingInteractionsController.swift */ = {isa = PBXFileReference; lastKnownFileType = sourcecode.swift; path = PendingInteractionsController.swift; sourceTree = "<group>"; };
		B250A2DCDDDE9A64F4A79CF5 /* AppPalette.swift */ = {isa = PBXFileReference; lastKnownFileType = sourcecode.swift; path = AppPalette.swift; sourceTree = "<group>"; };
		B2C8E5F4C5522DAD09E2A825 /* Info.plist */ = {isa = PBXFileReference; lastKnownFileType = text.plist; path = Info.plist; sourceTree = "<group>"; };
		B78506F81EA78CA4F33700D9 /* BackendProvider.swift */ = {isa = PBXFileReference; lastKnownFileType = sourcecode.swift; path = BackendProvider.swift; sourceTree = "<group>"; };
		BE1EFD66A23F2CE2EC41A828 /* EventStreamViewController.swift */ = {isa = PBXFileReference; lastKnownFileType = sourcecode.swift; path = EventStreamViewController.swift; sourceTree = "<group>"; };
		BF5A56514C5DF9AC2DD7F714 /* AppearanceModeTests.swift */ = {isa = PBXFileReference; lastKnownFileType = sourcecode.swift; path = AppearanceModeTests.swift; sourceTree = "<group>"; };
		BF69C9564DC2D7EEDE678EE4 /* AppSocket.swift */ = {isa = PBXFileReference; lastKnownFileType = sourcecode.swift; path = AppSocket.swift; sourceTree = "<group>"; };
		C0777B6E4CBBE761E3ED461D /* BoardAppStoreInteractionSocketSelectionTests.swift */ = {isa = PBXFileReference; lastKnownFileType = sourcecode.swift; path = BoardAppStoreInteractionSocketSelectionTests.swift; sourceTree = "<group>"; };
		C55EDAA078756C6C4C217448 /* AppPaletteTests.swift */ = {isa = PBXFileReference; lastKnownFileType = sourcecode.swift; path = AppPaletteTests.swift; sourceTree = "<group>"; };
		D8D6C4814B54EA20D8A1A47C /* AppearanceMode.swift */ = {isa = PBXFileReference; lastKnownFileType = sourcecode.swift; path = AppearanceMode.swift; sourceTree = "<group>"; };
		D8F035A757E471B50AB22A6A /* SettingsWindowController.swift */ = {isa = PBXFileReference; lastKnownFileType = sourcecode.swift; path = SettingsWindowController.swift; sourceTree = "<group>"; };
		DE2526B8F30010077BF8B099 /* MainWindowController.swift */ = {isa = PBXFileReference; lastKnownFileType = sourcecode.swift; path = MainWindowController.swift; sourceTree = "<group>"; };
		E475850BD6C0C8D03E54CF33 /* SettingsViewController.swift */ = {isa = PBXFileReference; lastKnownFileType = sourcecode.swift; path = SettingsViewController.swift; sourceTree = "<group>"; };
		E69F9C6A957008B33A86C457 /* BoardAppStoreTests.swift */ = {isa = PBXFileReference; lastKnownFileType = sourcecode.swift; path = BoardAppStoreTests.swift; sourceTree = "<group>"; };
		E7EF2967E4B365CF852E3DF3 /* BoardView.swift */ = {isa = PBXFileReference; lastKnownFileType = sourcecode.swift; path = BoardView.swift; sourceTree = "<group>"; };
		EABDB3E694F798F13078EA3A /* App.swift */ = {isa = PBXFileReference; lastKnownFileType = sourcecode.swift; path = App.swift; sourceTree = "<group>"; };
		EC414423444BD7652FF38182 /* ObservationSelectionPlanTests.swift */ = {isa = PBXFileReference; lastKnownFileType = sourcecode.swift; path = ObservationSelectionPlanTests.swift; sourceTree = "<group>"; };
		F00DE865008B82D1FFC40D3B /* BoardSocket.swift */ = {isa = PBXFileReference; lastKnownFileType = sourcecode.swift; path = BoardSocket.swift; sourceTree = "<group>"; };
		F1727678AD41624C70F4EC0D /* EntryRowView.swift */ = {isa = PBXFileReference; lastKnownFileType = sourcecode.swift; path = EntryRowView.swift; sourceTree = "<group>"; };
		F380161DEB9FEEAC3D41D380 /* AgentInteraction.swift */ = {isa = PBXFileReference; lastKnownFileType = sourcecode.swift; path = AgentInteraction.swift; sourceTree = "<group>"; };
		F3D3B9BAF69B12E50FC42E9E /* BuildType.swift */ = {isa = PBXFileReference; lastKnownFileType = sourcecode.swift; path = BuildType.swift; sourceTree = "<group>"; };
		F42408D6E74E02E19CF0966C /* Message.swift */ = {isa = PBXFileReference; lastKnownFileType = sourcecode.swift; path = Message.swift; sourceTree = "<group>"; };
		F489850DD7DCA861F1BEA3CE /* InteractionContentViewControllerTests.swift */ = {isa = PBXFileReference; lastKnownFileType = sourcecode.swift; path = InteractionContentViewControllerTests.swift; sourceTree = "<group>"; };
		FB0C931876FDE08D97A601FA /* PromptViewController.swift */ = {isa = PBXFileReference; lastKnownFileType = sourcecode.swift; path = PromptViewController.swift; sourceTree = "<group>"; };
		FC43A6C19F726FC1BB937499 /* ObservationPanelViewController.swift */ = {isa = PBXFileReference; lastKnownFileType = sourcecode.swift; path = ObservationPanelViewController.swift; sourceTree = "<group>"; };
		FE31711DEC2839FD6E802097 /* DotLatticeRendererTests.swift */ = {isa = PBXFileReference; lastKnownFileType = sourcecode.swift; path = DotLatticeRendererTests.swift; sourceTree = "<group>"; };
		FE4DD6420A016AC0B8AB6D0E /* APIClient+Apps.swift */ = {isa = PBXFileReference; lastKnownFileType = sourcecode.swift; path = "APIClient+Apps.swift"; sourceTree = "<group>"; };
		FF6E6244D50CA66E5CCBFF26 /* BoardGeometry.swift */ = {isa = PBXFileReference; lastKnownFileType = sourcecode.swift; path = BoardGeometry.swift; sourceTree = "<group>"; };
		FFA3279D59DA1816D6B57A34 /* SidebarItem.swift */ = {isa = PBXFileReference; lastKnownFileType = sourcecode.swift; path = SidebarItem.swift; sourceTree = "<group>"; };
/* End PBXFileReference section */

/* Begin PBXGroup section */
		0031CB3B7E707214248F84B8 /* Sidebar */ = {
			isa = PBXGroup;
			children = (
				FFA3279D59DA1816D6B57A34 /* SidebarItem.swift */,
				92681524D62669D469FF35B6 /* SidebarViewController.swift */,
			);
			path = Sidebar;
			sourceTree = "<group>";
		};
		273BDF2E843FE950829C35C4 /* Conversation */ = {
			isa = PBXGroup;
			children = (
				579740676D6B89448772B570 /* ConversationViewController.swift */,
				A88837041D398CF945A6192A /* EntryDetailViewController.swift */,
				F1727678AD41624C70F4EC0D /* EntryRowView.swift */,
			);
			path = Conversation;
			sourceTree = "<group>";
		};
		33B82E096BB9737625230D66 /* Interaction */ = {
			isa = PBXGroup;
			children = (
				3A839E45D21DA90B245C64D6 /* InteractionContentViewControllers.swift */,
				16468416F3EA49C533AC3B87 /* InteractionPopoverController.swift */,
				AAF2B60325ACE56B8A7E422B /* PendingInteractionsController.swift */,
				921365405106583BC2F94359 /* PendingInteractionsStore.swift */,
			);
			path = Interaction;
			sourceTree = "<group>";
		};
		39715130B97625ABACBC1797 /* Whiteboard */ = {
			isa = PBXGroup;
			children = (
				7D79ECC0715CB0F50DD237B0 /* AppIconLayer.swift */,
				39FBDC70C27EB40C34FD8667 /* AppObservationViewController.swift */,
				A4E337D74EC9D7D5CB0B7AE9 /* BoardAppStore.swift */,
				FF6E6244D50CA66E5CCBFF26 /* BoardGeometry.swift */,
				E7EF2967E4B365CF852E3DF3 /* BoardView.swift */,
				7FA9B89FF62BA3AEAA497959 /* CreateAppController.swift */,
				0210C107A49B07BB12386701 /* DotLatticeRenderer.swift */,
				FC43A6C19F726FC1BB937499 /* ObservationPanelViewController.swift */,
				00963F949996133A434766FC /* SurfaceDriveController.swift */,
				A236C375D15CEA5B75711080 /* SurfaceObservationReporter.swift */,
				005EDD664060D94AB3B64F35 /* WhiteboardViewController.swift */,
				7273B4A622C46B50AB5EF669 /* Icon */,
				33B82E096BB9737625230D66 /* Interaction */,
			);
			path = Whiteboard;
			sourceTree = "<group>";
		};
		410E7EFF7D49A2C128C67BB9 /* Networking */ = {
			isa = PBXGroup;
			children = (
				066E01291BAF81CE00F93AF1 /* APIClient.swift */,
				FE4DD6420A016AC0B8AB6D0E /* APIClient+Apps.swift */,
				BF69C9564DC2D7EEDE678EE4 /* AppSocket.swift */,
				4A6342E67911EA0D896E5163 /* AppSocketRegistry.swift */,
				F00DE865008B82D1FFC40D3B /* BoardSocket.swift */,
				41AFBD085D2644CD7B45FA00 /* InteractionSocket.swift */,
				2D9CCACDFAB995F30291EE38 /* SurfaceSocket.swift */,
				1F16959DADC870C98D2FE05F /* WebSocketClient.swift */,
			);
			path = Networking;
			sourceTree = "<group>";
		};
		4962310FFE238F07BDDFC95F /* Config */ = {
			isa = PBXGroup;
			children = (
				A1501B69109F7144E391AD9C /* Debug.xcconfig */,
				81AEF085B55ADCB39BF1CC27 /* Distribute.xcconfig */,
				1C3AAC6E09CC4B19228ABAD8 /* Release.xcconfig */,
			);
			path = Config;
			sourceTree = "<group>";
		};
		5073DF2C7013185B2E14D818 /* Rubberdux */ = {
			isa = PBXGroup;
			children = (
				B2C8E5F4C5522DAD09E2A825 /* Info.plist */,
				AACB5596AA7840E92E1D63B8 /* Rubberdux.entitlements */,
				F51084003CD99094FC8AF39D /* App */,
				F968E524642F856ECA2D6DDE /* Backend */,
				273BDF2E843FE950829C35C4 /* Conversation */,
				E12A3211B6622C5C1EE2E6D9 /* EventStream */,
				E9A4D5E0EA5C3E47B861304B /* Model */,
				410E7EFF7D49A2C128C67BB9 /* Networking */,
				DC8F4B9ED325454EC4BE9654 /* Prompt */,
				F4D20E9CCF0BE27A4D5BC22A /* Settings */,
				0031CB3B7E707214248F84B8 /* Sidebar */,
				8AE43190FF52658202C23DBD /* StatusBar */,
				39715130B97625ABACBC1797 /* Whiteboard */,
				95119DB64196320A79F5CE97 /* Window */,
			);
			name = Rubberdux;
			path = Sources/Rubberdux;
			sourceTree = "<group>";
		};
		69BCB4DAB417162530A60572 /* RubberduxTests */ = {
			isa = PBXGroup;
			children = (
				4931535F707FE2DB729B0C83 /* .gitkeep */,
				32C71190A24F036127BECA55 /* AgentInteractionTests.swift */,
				BF5A56514C5DF9AC2DD7F714 /* AppearanceModeTests.swift */,
				144E051B1C0BCB1EDFFC0CF5 /* AppModelTests.swift */,
				C55EDAA078756C6C4C217448 /* AppPaletteTests.swift */,
				2037B6EDC360F841D1E25190 /* AppSocketRegistryTests.swift */,
				C0777B6E4CBBE761E3ED461D /* BoardAppStoreInteractionSocketSelectionTests.swift */,
				E69F9C6A957008B33A86C457 /* BoardAppStoreTests.swift */,
				A355F86747A5E6CC01F794C7 /* BoardEventTests.swift */,
				467324B14697724D7FA728C5 /* BoardGeometryInsetTests.swift */,
				35B5469E130139DD9C8620A7 /* BoardGeometryTests.swift */,
				A08D36EECACAB5D58224AB84 /* BuildTypeTests.swift */,
				002B1E05F4AF4CBD3D5B7A18 /* CreateAppControllerTests.swift */,
				FE31711DEC2839FD6E802097 /* DotLatticeRendererTests.swift */,
				F489850DD7DCA861F1BEA3CE /* InteractionContentViewControllerTests.swift */,
				98E82904594EC0B941DEE091 /* ObservationColumnLayoutTests.swift */,
				EC414423444BD7652FF38182 /* ObservationSelectionPlanTests.swift */,
				8A2C3DE4FCC5175FDF63B126 /* PendingInteractionsStoreTests.swift */,
				0AB7104282E0F9FC11031025 /* SurfaceDriveControllerTests.swift */,
				4A2422F7EE92BFB634F250FD /* SurfaceObservationTests.swift */,
				38158F1CA77715EEF08ED1D8 /* SurfaceSerdeParityTests.swift */,
				9366D0EF35C286AACB6CCF04 /* SymbolImageTests.swift */,
			);
			name = RubberduxTests;
			path = Tests/RubberduxTests;
			sourceTree = "<group>";
		};
		7273B4A622C46B50AB5EF669 /* Icon */ = {
			isa = PBXGroup;
			children = (
				B250A2DCDDDE9A64F4A79CF5 /* AppPalette.swift */,
				774AFD94DA74CE22193D92D6 /* SymbolImage.swift */,
			);
			path = Icon;
			sourceTree = "<group>";
		};
		8AE43190FF52658202C23DBD /* StatusBar */ = {
			isa = PBXGroup;
			children = (
				5793D3C688E0C72C87E24E24 /* StatusBarController.swift */,
			);
			path = StatusBar;
			sourceTree = "<group>";
		};
		95119DB64196320A79F5CE97 /* Window */ = {
			isa = PBXGroup;
			children = (
				7ADCD81BF6C626762993A50A /* MainSplitViewController.swift */,
				DE2526B8F30010077BF8B099 /* MainWindowController.swift */,
			);
			path = Window;
			sourceTree = "<group>";
		};
		DC8F4B9ED325454EC4BE9654 /* Prompt */ = {
			isa = PBXGroup;
			children = (
				584AAE08EE25628268737CB5 /* PromptKind.swift */,
				FB0C931876FDE08D97A601FA /* PromptViewController.swift */,
			);
			path = Prompt;
			sourceTree = "<group>";
		};
		DE4666A74C6BA730BF5309C4 = {
			isa = PBXGroup;
			children = (
				4962310FFE238F07BDDFC95F /* Config */,
				5073DF2C7013185B2E14D818 /* Rubberdux */,
				69BCB4DAB417162530A60572 /* RubberduxTests */,
				F863F9DA5838736E138D8578 /* Products */,
			);
			sourceTree = "<group>";
		};
		E12A3211B6622C5C1EE2E6D9 /* EventStream */ = {
			isa = PBXGroup;
			children = (
				BE1EFD66A23F2CE2EC41A828 /* EventStreamViewController.swift */,
			);
			path = EventStream;
			sourceTree = "<group>";
		};
		E9A4D5E0EA5C3E47B861304B /* Model */ = {
			isa = PBXGroup;
			children = (
				28E27A6F0B291FCD1A23223E /* .gitkeep */,
				F380161DEB9FEEAC3D41D380 /* AgentInteraction.swift */,
				EABDB3E694F798F13078EA3A /* App.swift */,
				A64FBD1AAAB2D2CD0B54247F /* BoardEvent.swift */,
				18CA102FA96D3C6D277E2680 /* Entry.swift */,
				48EAB1A18749A1C2DB9A1076 /* InteractionResponse.swift */,
				F42408D6E74E02E19CF0966C /* Message.swift */,
				3C9B3FB99070C7A953FE9F30 /* Surface.swift */,
				2A1E6CAFB43B510BB658737B /* SurfaceOp.swift */,
				3C3233B15B96791DA42AD9A3 /* ToolCall.swift */,
				30B93FA4F18EECFBC3BEC906 /* TrajectoryEvent.swift */,
			);
			path = Model;
			sourceTree = "<group>";
		};
		F4D20E9CCF0BE27A4D5BC22A /* Settings */ = {
			isa = PBXGroup;
			children = (
				E475850BD6C0C8D03E54CF33 /* SettingsViewController.swift */,
				D8F035A757E471B50AB22A6A /* SettingsWindowController.swift */,
			);
			path = Settings;
			sourceTree = "<group>";
		};
		F51084003CD99094FC8AF39D /* App */ = {
			isa = PBXGroup;
			children = (
				93CE9A83EE55E136A4412B88 /* AppDelegate.swift */,
				D8D6C4814B54EA20D8A1A47C /* AppearanceMode.swift */,
				F3D3B9BAF69B12E50FC42E9E /* BuildType.swift */,
				233C36ADDB7A784C3472B52A /* LoginItemManager.swift */,
			);
			path = App;
			sourceTree = "<group>";
		};
		F863F9DA5838736E138D8578 /* Products */ = {
			isa = PBXGroup;
			children = (
				7B1DDC213AFA26B00C4010A9 /* Rubberdux.app */,
				820F327E80F33842336A2D6A /* RubberduxTests.xctest */,
			);
			name = Products;
			sourceTree = "<group>";
		};
		F968E524642F856ECA2D6DDE /* Backend */ = {
			isa = PBXGroup;
			children = (
				B78506F81EA78CA4F33700D9 /* BackendProvider.swift */,
				8DC7A0AAA58E5949DB469DD3 /* BinaryLocator.swift */,
			);
			path = Backend;
			sourceTree = "<group>";
		};
/* End PBXGroup section */

/* Begin PBXNativeTarget section */
		65B1EA1D4E456372AEEB89AC /* Rubberdux */ = {
			isa = PBXNativeTarget;
			buildConfigurationList = A4F67429CA3A5674A92611DA /* Build configuration list for PBXNativeTarget "Rubberdux" */;
			buildPhases = (
				233282AFA17B697D8919F78D /* Sources */,
			);
			buildRules = (
			);
			dependencies = (
			);
			name = Rubberdux;
			packageProductDependencies = (
			);
			productName = Rubberdux;
			productReference = 7B1DDC213AFA26B00C4010A9 /* Rubberdux.app */;
			productType = "com.apple.product-type.application";
		};
		A74F770F9197244C5ADBE2DE /* RubberduxTests */ = {
			isa = PBXNativeTarget;
			buildConfigurationList = E359374B7426A12AF9CAF676 /* Build configuration list for PBXNativeTarget "RubberduxTests" */;
			buildPhases = (
				FD7A3A2ED2389B3A0A4629F3 /* Sources */,
			);
			buildRules = (
			);
			dependencies = (
				1C36417D9493972521B5A221 /* PBXTargetDependency */,
			);
			name = RubberduxTests;
			packageProductDependencies = (
			);
			productName = RubberduxTests;
			productReference = 820F327E80F33842336A2D6A /* RubberduxTests.xctest */;
			productType = "com.apple.product-type.bundle.unit-test";
		};
/* End PBXNativeTarget section */

/* Begin PBXProject section */
		F46D6767B1F5A226F559C406 /* Project object */ = {
			isa = PBXProject;
			attributes = {
				BuildIndependentTargetsInParallel = YES;
				LastUpgradeCheck = 1430;
				TargetAttributes = {
					65B1EA1D4E456372AEEB89AC = {
						DevelopmentTeam = 3R2L6323L4;
					};
					A74F770F9197244C5ADBE2DE = {
						DevelopmentTeam = 3R2L6323L4;
					};
				};
			};
			buildConfigurationList = 159DE769BC167EB9334F0731 /* Build configuration list for PBXProject "Rubberdux" */;
			developmentRegion = en;
			hasScannedForEncodings = 0;
			knownRegions = (
				Base,
				en,
			);
			mainGroup = DE4666A74C6BA730BF5309C4;
			minimizedProjectReferenceProxies = 1;
			preferredProjectObjectVersion = 77;
			productRefGroup = F863F9DA5838736E138D8578 /* Products */;
			projectDirPath = "";
			projectRoot = "";
			targets = (
				65B1EA1D4E456372AEEB89AC /* Rubberdux */,
				A74F770F9197244C5ADBE2DE /* RubberduxTests */,
			);
		};
/* End PBXProject section */

/* Begin PBXSourcesBuildPhase section */
		233282AFA17B697D8919F78D /* Sources */ = {
			isa = PBXSourcesBuildPhase;
			buildActionMask = 2147483647;
			files = (
				40FC536CCDB9FC4BCE6BDFF7 /* APIClient+Apps.swift in Sources */,
				9B45B792C1CED9DC15A11EAC /* APIClient.swift in Sources */,
				FD2F1C465F3C21615606F803 /* AgentInteraction.swift in Sources */,
				FB6717E063E4703BDD6D6840 /* App.swift in Sources */,
				384267A24970D5170187931D /* AppDelegate.swift in Sources */,
				18A24BE7887E0D1125386F66 /* AppIconLayer.swift in Sources */,
				05957A8E6DA940547A3D4BD5 /* AppObservationViewController.swift in Sources */,
				506F8464DF83292280E680D5 /* AppPalette.swift in Sources */,
				6B10C36D4CF165F04B3F6EEA /* AppSocket.swift in Sources */,
				8FDEEFC232CD6BD4C69B8155 /* AppSocketRegistry.swift in Sources */,
				B4DC432399F654D409CB4A93 /* AppearanceMode.swift in Sources */,
				0A556ACA98E918E574B0A916 /* BackendProvider.swift in Sources */,
				9DA0103A21544B36C70947D6 /* BinaryLocator.swift in Sources */,
				04F1731B74733524A3DFAA8F /* BoardAppStore.swift in Sources */,
				C03E403991B5D63C31CF2376 /* BoardEvent.swift in Sources */,
				738E81FBCB93475BA9A880BA /* BoardGeometry.swift in Sources */,
				4FB832E1DFF385EF65909686 /* BoardSocket.swift in Sources */,
				9B8BED583536D4A18067E7A7 /* BoardView.swift in Sources */,
				CDBD3624C59E9CBE06CCB9FD /* BuildType.swift in Sources */,
				E57B06C4A16A28CB2F84F088 /* ConversationViewController.swift in Sources */,
				D90ED0A32664D71D58BEFEF1 /* CreateAppController.swift in Sources */,
				43620B74F9CE5A811EFA8F54 /* DotLatticeRenderer.swift in Sources */,
				DA2644BF6945D79C0A486DA2 /* Entry.swift in Sources */,
				73187BE1C874226A3ABA2734 /* EntryDetailViewController.swift in Sources */,
				03C5C65C2942E0BA6EA4B6B0 /* EntryRowView.swift in Sources */,
				29E307D4287633A072589C32 /* EventStreamViewController.swift in Sources */,
				785EB4A8EFEB15B176E7E9AE /* InteractionContentViewControllers.swift in Sources */,
				E7B9021D91870CA6EF217FAB /* InteractionPopoverController.swift in Sources */,
				32DF873C60C7E13836F37F52 /* InteractionResponse.swift in Sources */,
				29E6083BA2C7715ED9CFB950 /* InteractionSocket.swift in Sources */,
				9B09D376A7A45FAC97E6CACA /* LoginItemManager.swift in Sources */,
				8BFEDEB4ECBFD2341C10FFC1 /* MainSplitViewController.swift in Sources */,
				B2D88FECD5532A56D0381646 /* MainWindowController.swift in Sources */,
				781966A2148F6541C58548E8 /* Message.swift in Sources */,
				51436E9D76496AC391670BE8 /* ObservationPanelViewController.swift in Sources */,
				B3C0D86AA6BEF2D5455CD5F6 /* PendingInteractionsController.swift in Sources */,
				ACE6AE7E1FC9682BF5EC16B6 /* PendingInteractionsStore.swift in Sources */,
				670361E4BF0DD2EF81FB760B /* PromptKind.swift in Sources */,
				18AA55B7A71CC900C8115EBE /* PromptViewController.swift in Sources */,
				52DEC3A6C61BF99EDC1EE005 /* SettingsViewController.swift in Sources */,
				319CC8A114819253AAE1E731 /* SettingsWindowController.swift in Sources */,
				97F643A58863CD6DBC0B549B /* SidebarItem.swift in Sources */,
				4A2E832C6A3A37F8287BC57C /* SidebarViewController.swift in Sources */,
				F26F939C824A3F9D73B7E93F /* StatusBarController.swift in Sources */,
				62781BCCAB53B40B2C16EA22 /* Surface.swift in Sources */,
				9F5E67D26B3FD112F89BCBD3 /* SurfaceDriveController.swift in Sources */,
				6C762A791196CDAA754A8F16 /* SurfaceObservationReporter.swift in Sources */,
				FB694BB370F17917D376DE74 /* SurfaceOp.swift in Sources */,
				D9751A8936BE6DAE8C69DE2C /* SurfaceSocket.swift in Sources */,
				E29B279CF113A8F889CC0FC6 /* SymbolImage.swift in Sources */,
				DB484900F7A96BF65D670FA6 /* ToolCall.swift in Sources */,
				E120EE1E7DDF1679B64E7FFB /* TrajectoryEvent.swift in Sources */,
				E912E27CB9CE8D8E085A0292 /* WebSocketClient.swift in Sources */,
				CCD680102BF5689481A14C80 /* WhiteboardViewController.swift in Sources */,
			);
			runOnlyForDeploymentPostprocessing = 0;
		};
		FD7A3A2ED2389B3A0A4629F3 /* Sources */ = {
			isa = PBXSourcesBuildPhase;
			buildActionMask = 2147483647;
			files = (
				66E1A2F50EF4196207DC19F8 /* AgentInteractionTests.swift in Sources */,
				55D7EA907C5D0D0EEDE02C34 /* AppModelTests.swift in Sources */,
				10199606D81AD96901160080 /* AppPaletteTests.swift in Sources */,
				D9E015F90509FFB6A690EE11 /* AppSocketRegistryTests.swift in Sources */,
				0AADD896613E495FA7E6C28A /* AppearanceModeTests.swift in Sources */,
				02CE32F3270E06E40C8E9CFB /* BoardAppStoreInteractionSocketSelectionTests.swift in Sources */,
				CEB0F9E4A7A8D39BDAFCD07C /* BoardAppStoreTests.swift in Sources */,
				A13D0052F047BA5D4E4936DF /* BoardEventTests.swift in Sources */,
				E572C5C4C71719DE2BBAD63A /* BoardGeometryInsetTests.swift in Sources */,
				FD3C2534C7FEAC64DAF80901 /* BoardGeometryTests.swift in Sources */,
				B7F2244B8F673DE71808B6B7 /* BuildTypeTests.swift in Sources */,
				CA2E41837CC82B46B5A825C1 /* CreateAppControllerTests.swift in Sources */,
				6399833FB0A1FB880A80BCE5 /* DotLatticeRendererTests.swift in Sources */,
				E8B0BA13C6DCFBB96DFE14AB /* InteractionContentViewControllerTests.swift in Sources */,
				59D9BA22258E50FA35CA9E78 /* ObservationColumnLayoutTests.swift in Sources */,
				37B6655E2F2FC7FC8E90E71F /* ObservationSelectionPlanTests.swift in Sources */,
				376516D7A90C4F6C566BE33C /* PendingInteractionsStoreTests.swift in Sources */,
				4587EB7287FE3C0145B5A67B /* SurfaceDriveControllerTests.swift in Sources */,
				F945FA31C6A3AF5517578DF5 /* SurfaceObservationTests.swift in Sources */,
				F1993C959EC0F8B28C0FF0FD /* SurfaceSerdeParityTests.swift in Sources */,
				A1E788B84BDB05B511813843 /* SymbolImageTests.swift in Sources */,
			);
			runOnlyForDeploymentPostprocessing = 0;
		};
/* End PBXSourcesBuildPhase section */

/* Begin PBXTargetDependency section */
		1C36417D9493972521B5A221 /* PBXTargetDependency */ = {
			isa = PBXTargetDependency;
			target = 65B1EA1D4E456372AEEB89AC /* Rubberdux */;
			targetProxy = 089AE36CDC998A91A58AA2C6 /* PBXContainerItemProxy */;
		};
/* End PBXTargetDependency section */

/* Begin XCBuildConfiguration section */
		190D9A6B49081E6C80377671 /* Debug */ = {
			isa = XCBuildConfiguration;
			baseConfigurationReference = A1501B69109F7144E391AD9C /* Debug.xcconfig */;
			buildSettings = {
				ALWAYS_SEARCH_USER_PATHS = NO;
				CLANG_ANALYZER_NONNULL = YES;
				CLANG_ANALYZER_NUMBER_OBJECT_CONVERSION = YES_AGGRESSIVE;
				CLANG_CXX_LANGUAGE_STANDARD = "gnu++14";
				CLANG_CXX_LIBRARY = "libc++";
				CLANG_ENABLE_MODULES = YES;
				CLANG_ENABLE_OBJC_ARC = YES;
				CLANG_ENABLE_OBJC_WEAK = YES;
				CLANG_WARN_BLOCK_CAPTURE_AUTORELEASING = YES;
				CLANG_WARN_BOOL_CONVERSION = YES;
				CLANG_WARN_COMMA = YES;
				CLANG_WARN_CONSTANT_CONVERSION = YES;
				CLANG_WARN_DEPRECATED_OBJC_IMPLEMENTATIONS = YES;
				CLANG_WARN_DIRECT_OBJC_ISA_USAGE = YES_ERROR;
				CLANG_WARN_DOCUMENTATION_COMMENTS = YES;
				CLANG_WARN_EMPTY_BODY = YES;
				CLANG_WARN_ENUM_CONVERSION = YES;
				CLANG_WARN_INFINITE_RECURSION = YES;
				CLANG_WARN_INT_CONVERSION = YES;
				CLANG_WARN_NON_LITERAL_NULL_CONVERSION = YES;
				CLANG_WARN_OBJC_IMPLICIT_RETAIN_SELF = YES;
				CLANG_WARN_OBJC_LITERAL_CONVERSION = YES;
				CLANG_WARN_OBJC_ROOT_CLASS = YES_ERROR;
				CLANG_WARN_QUOTED_INCLUDE_IN_FRAMEWORK_HEADER = YES;
				CLANG_WARN_RANGE_LOOP_ANALYSIS = YES;
				CLANG_WARN_STRICT_PROTOTYPES = YES;
				CLANG_WARN_SUSPICIOUS_MOVE = YES;
				CLANG_WARN_UNGUARDED_AVAILABILITY = YES_AGGRESSIVE;
				CLANG_WARN_UNREACHABLE_CODE = YES;
				CLANG_WARN__DUPLICATE_METHOD_MATCH = YES;
				CODE_SIGN_ENTITLEMENTS = Sources/Rubberdux/Rubberdux.entitlements;
				COMBINE_HIDPI_IMAGES = YES;
				COPY_PHASE_STRIP = NO;
				DEBUG_INFORMATION_FORMAT = dwarf;
				ENABLE_HARDENED_RUNTIME = YES;
				ENABLE_STRICT_OBJC_MSGSEND = YES;
				ENABLE_TESTABILITY = YES;
				GCC_C_LANGUAGE_STANDARD = gnu11;
				GCC_DYNAMIC_NO_PIC = NO;
				GCC_NO_COMMON_BLOCKS = YES;
				GCC_PREPROCESSOR_DEFINITIONS = (
					"$(inherited)",
					"DEBUG=1",
				);
				GCC_WARN_64_TO_32_BIT_CONVERSION = YES;
				GCC_WARN_ABOUT_RETURN_TYPE = YES_ERROR;
				GCC_WARN_UNDECLARED_SELECTOR = YES;
				GCC_WARN_UNINITIALIZED_AUTOS = YES_AGGRESSIVE;
				GCC_WARN_UNUSED_FUNCTION = YES;
				GCC_WARN_UNUSED_VARIABLE = YES;
				GENERATE_INFOPLIST_FILE = NO;
				INFOPLIST_FILE = Sources/Rubberdux/Info.plist;
				LD_RUNPATH_SEARCH_PATHS = "@executable_path/../Frameworks";
				MACOSX_DEPLOYMENT_TARGET = 13.0;
				MTL_ENABLE_DEBUG_INFO = INCLUDE_SOURCE;
				MTL_FAST_MATH = YES;
				ONLY_ACTIVE_ARCH = YES;
				SDKROOT = macosx;
			};
			name = Debug;
		};
		2B5995BE2A9344F9DF439B7C /* Distribute */ = {
			isa = XCBuildConfiguration;
			buildSettings = {
				BUNDLE_LOADER = "$(TEST_HOST)";
				CODE_SIGN_ENTITLEMENTS = "";
				GENERATE_INFOPLIST_FILE = YES;
				INFOPLIST_FILE = "";
				PRODUCT_MODULE_NAME = RubberduxTests;
				SDKROOT = macosx;
				TEST_HOST = "$(BUILT_PRODUCTS_DIR)/$(PRODUCT_NAME).app/Contents/MacOS/$(PRODUCT_NAME)";
			};
			name = Distribute;
		};
		741A6E57B2193E7A80CAB52A /* Release */ = {
			isa = XCBuildConfiguration;
			baseConfigurationReference = 1C3AAC6E09CC4B19228ABAD8 /* Release.xcconfig */;
			buildSettings = {
				ALWAYS_SEARCH_USER_PATHS = NO;
				CLANG_ANALYZER_NONNULL = YES;
				CLANG_ANALYZER_NUMBER_OBJECT_CONVERSION = YES_AGGRESSIVE;
				CLANG_CXX_LANGUAGE_STANDARD = "gnu++14";
				CLANG_CXX_LIBRARY = "libc++";
				CLANG_ENABLE_MODULES = YES;
				CLANG_ENABLE_OBJC_ARC = YES;
				CLANG_ENABLE_OBJC_WEAK = YES;
				CLANG_WARN_BLOCK_CAPTURE_AUTORELEASING = YES;
				CLANG_WARN_BOOL_CONVERSION = YES;
				CLANG_WARN_COMMA = YES;
				CLANG_WARN_CONSTANT_CONVERSION = YES;
				CLANG_WARN_DEPRECATED_OBJC_IMPLEMENTATIONS = YES;
				CLANG_WARN_DIRECT_OBJC_ISA_USAGE = YES_ERROR;
				CLANG_WARN_DOCUMENTATION_COMMENTS = YES;
				CLANG_WARN_EMPTY_BODY = YES;
				CLANG_WARN_ENUM_CONVERSION = YES;
				CLANG_WARN_INFINITE_RECURSION = YES;
				CLANG_WARN_INT_CONVERSION = YES;
				CLANG_WARN_NON_LITERAL_NULL_CONVERSION = YES;
				CLANG_WARN_OBJC_IMPLICIT_RETAIN_SELF = YES;
				CLANG_WARN_OBJC_LITERAL_CONVERSION = YES;
				CLANG_WARN_OBJC_ROOT_CLASS = YES_ERROR;
				CLANG_WARN_QUOTED_INCLUDE_IN_FRAMEWORK_HEADER = YES;
				CLANG_WARN_RANGE_LOOP_ANALYSIS = YES;
				CLANG_WARN_STRICT_PROTOTYPES = YES;
				CLANG_WARN_SUSPICIOUS_MOVE = YES;
				CLANG_WARN_UNGUARDED_AVAILABILITY = YES_AGGRESSIVE;
				CLANG_WARN_UNREACHABLE_CODE = YES;
				CLANG_WARN__DUPLICATE_METHOD_MATCH = YES;
				CODE_SIGN_ENTITLEMENTS = Sources/Rubberdux/Rubberdux.entitlements;
				COMBINE_HIDPI_IMAGES = YES;
				COPY_PHASE_STRIP = NO;
				DEBUG_INFORMATION_FORMAT = "dwarf-with-dsym";
				ENABLE_HARDENED_RUNTIME = YES;
				ENABLE_NS_ASSERTIONS = NO;
				ENABLE_STRICT_OBJC_MSGSEND = YES;
				GCC_C_LANGUAGE_STANDARD = gnu11;
				GCC_NO_COMMON_BLOCKS = YES;
				GCC_WARN_64_TO_32_BIT_CONVERSION = YES;
				GCC_WARN_ABOUT_RETURN_TYPE = YES_ERROR;
				GCC_WARN_UNDECLARED_SELECTOR = YES;
				GCC_WARN_UNINITIALIZED_AUTOS = YES_AGGRESSIVE;
				GCC_WARN_UNUSED_FUNCTION = YES;
				GCC_WARN_UNUSED_VARIABLE = YES;
				GENERATE_INFOPLIST_FILE = NO;
				INFOPLIST_FILE = Sources/Rubberdux/Info.plist;
				LD_RUNPATH_SEARCH_PATHS = "@executable_path/../Frameworks";
				MACOSX_DEPLOYMENT_TARGET = 13.0;
				MTL_ENABLE_DEBUG_INFO = NO;
				MTL_FAST_MATH = YES;
				SDKROOT = macosx;
				SWIFT_COMPILATION_MODE = wholemodule;
			};
			name = Release;
		};
		85DE34EF4CF1E350C82D85EB /* Distribute */ = {
			isa = XCBuildConfiguration;
			baseConfigurationReference = 81AEF085B55ADCB39BF1CC27 /* Distribute.xcconfig */;
			buildSettings = {
				ALWAYS_SEARCH_USER_PATHS = NO;
				CLANG_ANALYZER_NONNULL = YES;
				CLANG_ANALYZER_NUMBER_OBJECT_CONVERSION = YES_AGGRESSIVE;
				CLANG_CXX_LANGUAGE_STANDARD = "gnu++14";
				CLANG_CXX_LIBRARY = "libc++";
				CLANG_ENABLE_MODULES = YES;
				CLANG_ENABLE_OBJC_ARC = YES;
				CLANG_ENABLE_OBJC_WEAK = YES;
				CLANG_WARN_BLOCK_CAPTURE_AUTORELEASING = YES;
				CLANG_WARN_BOOL_CONVERSION = YES;
				CLANG_WARN_COMMA = YES;
				CLANG_WARN_CONSTANT_CONVERSION = YES;
				CLANG_WARN_DEPRECATED_OBJC_IMPLEMENTATIONS = YES;
				CLANG_WARN_DIRECT_OBJC_ISA_USAGE = YES_ERROR;
				CLANG_WARN_DOCUMENTATION_COMMENTS = YES;
				CLANG_WARN_EMPTY_BODY = YES;
				CLANG_WARN_ENUM_CONVERSION = YES;
				CLANG_WARN_INFINITE_RECURSION = YES;
				CLANG_WARN_INT_CONVERSION = YES;
				CLANG_WARN_NON_LITERAL_NULL_CONVERSION = YES;
				CLANG_WARN_OBJC_IMPLICIT_RETAIN_SELF = YES;
				CLANG_WARN_OBJC_LITERAL_CONVERSION = YES;
				CLANG_WARN_OBJC_ROOT_CLASS = YES_ERROR;
				CLANG_WARN_QUOTED_INCLUDE_IN_FRAMEWORK_HEADER = YES;
				CLANG_WARN_RANGE_LOOP_ANALYSIS = YES;
				CLANG_WARN_STRICT_PROTOTYPES = YES;
				CLANG_WARN_SUSPICIOUS_MOVE = YES;
				CLANG_WARN_UNGUARDED_AVAILABILITY = YES_AGGRESSIVE;
				CLANG_WARN_UNREACHABLE_CODE = YES;
				CLANG_WARN__DUPLICATE_METHOD_MATCH = YES;
				CODE_SIGN_ENTITLEMENTS = Sources/Rubberdux/Rubberdux.entitlements;
				COMBINE_HIDPI_IMAGES = YES;
				COPY_PHASE_STRIP = NO;
				DEBUG_INFORMATION_FORMAT = "dwarf-with-dsym";
				ENABLE_HARDENED_RUNTIME = YES;
				ENABLE_NS_ASSERTIONS = NO;
				ENABLE_STRICT_OBJC_MSGSEND = YES;
				GCC_C_LANGUAGE_STANDARD = gnu11;
				GCC_NO_COMMON_BLOCKS = YES;
				GCC_WARN_64_TO_32_BIT_CONVERSION = YES;
				GCC_WARN_ABOUT_RETURN_TYPE = YES_ERROR;
				GCC_WARN_UNDECLARED_SELECTOR = YES;
				GCC_WARN_UNINITIALIZED_AUTOS = YES_AGGRESSIVE;
				GCC_WARN_UNUSED_FUNCTION = YES;
				GCC_WARN_UNUSED_VARIABLE = YES;
				GENERATE_INFOPLIST_FILE = NO;
				INFOPLIST_FILE = Sources/Rubberdux/Info.plist;
				LD_RUNPATH_SEARCH_PATHS = "@executable_path/../Frameworks";
				MACOSX_DEPLOYMENT_TARGET = 13.0;
				MTL_ENABLE_DEBUG_INFO = NO;
				MTL_FAST_MATH = YES;
				SDKROOT = macosx;
				SWIFT_COMPILATION_MODE = wholemodule;
			};
			name = Distribute;
		};
		8EF583E5E5C7FA4BE208819C /* Debug */ = {
			isa = XCBuildConfiguration;
			buildSettings = {
				BUNDLE_LOADER = "$(TEST_HOST)";
				CODE_SIGN_ENTITLEMENTS = "";
				GENERATE_INFOPLIST_FILE = YES;
				INFOPLIST_FILE = "";
				PRODUCT_MODULE_NAME = RubberduxTests;
				SDKROOT = macosx;
				TEST_HOST = "$(BUILT_PRODUCTS_DIR)/$(PRODUCT_NAME).app/Contents/MacOS/$(PRODUCT_NAME)";
			};
			name = Debug;
		};
		99AAB143E82E61C2187B7D64 /* Debug */ = {
			isa = XCBuildConfiguration;
			buildSettings = {
				ASSETCATALOG_COMPILER_APPICON_NAME = AppIcon;
				INFOPLIST_FILE = Sources/Rubberdux/Info.plist;
				PRODUCT_BUNDLE_IDENTIFIER = "$(inherited)";
				PRODUCT_MODULE_NAME = Rubberdux;
				PRODUCT_NAME = "$(inherited)";
				SDKROOT = macosx;
			};
			name = Debug;
		};
		9E9E27EECD0DED4648E6F6FB /* Release */ = {
			isa = XCBuildConfiguration;
			buildSettings = {
				BUNDLE_LOADER = "$(TEST_HOST)";
				CODE_SIGN_ENTITLEMENTS = "";
				GENERATE_INFOPLIST_FILE = YES;
				INFOPLIST_FILE = "";
				PRODUCT_MODULE_NAME = RubberduxTests;
				SDKROOT = macosx;
				TEST_HOST = "$(BUILT_PRODUCTS_DIR)/$(PRODUCT_NAME).app/Contents/MacOS/$(PRODUCT_NAME)";
			};
			name = Release;
		};
		A1AD9F0EFE8E3BDD038EDD76 /* Distribute */ = {
			isa = XCBuildConfiguration;
			buildSettings = {
				ASSETCATALOG_COMPILER_APPICON_NAME = AppIcon;
				INFOPLIST_FILE = Sources/Rubberdux/Info.plist;
				PRODUCT_BUNDLE_IDENTIFIER = "$(inherited)";
				PRODUCT_MODULE_NAME = Rubberdux;
				PRODUCT_NAME = "$(inherited)";
				SDKROOT = macosx;
			};
			name = Distribute;
		};
		A2006ADA4A2D06CC2CD6BEA9 /* Release */ = {
			isa = XCBuildConfiguration;
			buildSettings = {
				ASSETCATALOG_COMPILER_APPICON_NAME = AppIcon;
				INFOPLIST_FILE = Sources/Rubberdux/Info.plist;
				PRODUCT_BUNDLE_IDENTIFIER = "$(inherited)";
				PRODUCT_MODULE_NAME = Rubberdux;
				PRODUCT_NAME = "$(inherited)";
				SDKROOT = macosx;
			};
			name = Release;
		};
/* End XCBuildConfiguration section */

/* Begin XCConfigurationList section */
		159DE769BC167EB9334F0731 /* Build configuration list for PBXProject "Rubberdux" */ = {
			isa = XCConfigurationList;
			buildConfigurations = (
				190D9A6B49081E6C80377671 /* Debug */,
				85DE34EF4CF1E350C82D85EB /* Distribute */,
				741A6E57B2193E7A80CAB52A /* Release */,
			);
			defaultConfigurationIsVisible = 0;
			defaultConfigurationName = Debug;
		};
		A4F67429CA3A5674A92611DA /* Build configuration list for PBXNativeTarget "Rubberdux" */ = {
			isa = XCConfigurationList;
			buildConfigurations = (
				99AAB143E82E61C2187B7D64 /* Debug */,
				A1AD9F0EFE8E3BDD038EDD76 /* Distribute */,
				A2006ADA4A2D06CC2CD6BEA9 /* Release */,
			);
			defaultConfigurationIsVisible = 0;
			defaultConfigurationName = Debug;
		};
		E359374B7426A12AF9CAF676 /* Build configuration list for PBXNativeTarget "RubberduxTests" */ = {
			isa = XCConfigurationList;
			buildConfigurations = (
				8EF583E5E5C7FA4BE208819C /* Debug */,
				2B5995BE2A9344F9DF439B7C /* Distribute */,
				9E9E27EECD0DED4648E6F6FB /* Release */,
			);
			defaultConfigurationIsVisible = 0;
			defaultConfigurationName = Debug;
		};
/* End XCConfigurationList section */
	};
	rootObject = F46D6767B1F5A226F559C406 /* Project object */;
}
